
Microsoft Visual Studio Solution File, Format Version 12.00
# Visual Studio Version 16
VisualStudioVersion = 16.0.32901.82
MinimumVisualStudioVersion = 10.0.40219.1
Project("{9A19103F-16F7-4668-BE54-9A1E7A4F7556}") = "my_book", "my_book\my_book.csproj", "{38DCE0A1-DBA8-49F1-8DB5-A45D1D5731BF}"
EndProject
Global
	GlobalSection(SolutionConfigurationPlatforms) = preSolution
		Debug|Any CPU = Debug|Any CPU
		Release|Any CPU = Release|Any CPU
	EndGlobalSection
	GlobalSection(ProjectConfigurationPlatforms) = postSolution
		{38DCE0A1-DBA8-49F1-8DB5-A45D1D5731BF}.Debug|Any CPU.ActiveCfg = Debug|Any CPU
		{38DCE0A1-DBA8-49F1-8DB5-A45D1D5731BF}.Debug|Any CPU.Build.0 = Debug|Any CPU
		{38DCE0A1-DBA8-49F1-8DB5-A45D1D5731BF}.Release|Any CPU.ActiveCfg = Release|Any CPU
		{38DCE0A1-DBA8-49F1-8DB5-A45D1D5731BF}.Release|Any CPU.Build.0 = Release|Any CPU
	EndGlobalSection
	GlobalSection(SolutionProperties) = preSolution
		HideSolutionNode = FALSE
	EndGlobalSection
	GlobalSection(ExtensibilityGlobals) = postSolution
		SolutionGuid = {418CD64D-2017-41E4-933E-0E03A2CFC94D}
	EndGlobalSection
EndGlobal
